// !$*UTF8*$!
{
	archiveVersion = 1;
	classes = {
	};
	objectVersion = 55;
	objects = {

/* Begin PBXBuildFile section */
		09033B0228847E7000DBAAE1 /* HelicopterGameApp.swift in Sources */ = {isa = PBXBuildFile; fileRef = 09033B0128847E7000DBAAE1 /* HelicopterGameApp.swift */; };
		09033B0428847E7000DBAAE1 /* ContentView.swift in Sources */ = {isa = PBXBuildFile; fileRef = 09033B0328847E7000DBAAE1 /* ContentView.swift */; };
		09033B0628847E7100DBAAE1 /* Assets.xcassets in Resources */ = {isa = PBXBuildFile; fileRef = 09033B0528847E7100DBAAE1 /* Assets.xcassets */; };
		09033B0928847E7100DBAAE1 /* Preview Assets.xcassets in Resources */ = {isa = PBXBuildFile; fileRef = 09033B0828847E7100DBAAE1 /* Preview Assets.xcassets */; };
		09033B1128847EAB00DBAAE1 /* Pixel.swift in Sources */ = {isa = PBXBuildFile; fileRef = 09033B1028847EAB00DBAAE1 /* Pixel.swift */; };
		09033B1328847EB600DBAAE1 /* Helicopter.swift in Sources */ = {isa = PBXBuildFile; fileRef = 09033B1228847EB600DBAAE1 /* Helicopter.swift */; };
		09033B1528847EC400DBAAE1 /* Obstacle.swift in Sources */ = {isa = PBXBuildFile; fileRef = 09033B1428847EC400DBAAE1 /* Obstacle.swift */; };
		09033B1728847F3F00DBAAE1 /* Home.swift in Sources */ = {isa = PBXBuildFile; fileRef = 09033B1628847F3F00DBAAE1 /* Home.swift */; };
		095C1E6A2885B637008ABD5E /* Crash.swift in Sources */ = {isa = PBXBuildFile; fileRef = 095C1E692885B637008ABD5E /* Crash.swift */; };
		096CE522289A98E800C4B240 /* BoundingBox.swift in Sources */ = {isa = PBXBuildFile; fileRef = 096CE521289A98E800C4B240 /* BoundingBox.swift */; };
/* End PBXBuildFile section */

/* Begin PBXFileReference section */
		09033AFE28847E7000DBAAE1 /* HelicopterGame.app */ = {isa = PBXFileReference; explicitFileType = wrapper.application; includeInIndex = 0; path = HelicopterGame.app; sourceTree = BUILT_PRODUCTS_DIR; };
		09033B0128847E7000DBAAE1 /* HelicopterGameApp.swift */ = {isa = PBXFileReference; lastKnownFileType = sourcecode.swift; path = HelicopterGameApp.swift; sourceTree = "<group>"; };
		09033B0328847E7000DBAAE1 /* ContentView.swift */ = {isa = PBXFileReference; lastKnownFileType = sourcecode.swift; path = ContentView.swift; sourceTree = "<group>"; };
		09033B0528847E7100DBAAE1 /* Assets.xcassets */ = {isa = PBXFileReference; lastKnownFileType = folder.assetcatalog; path = Assets.xcassets; sourceTree = "<group>"; };
		09033B0828847E7100DBAAE1 /* Preview Assets.xcassets */ = {isa = PBXFileReference; lastKnownFileType = folder.assetcatalog; path = "Preview Assets.xcassets"; sourceTree = "<group>"; };
		09033B1028847EAB00DBAAE1 /* Pixel.swift */ = {isa = PBXFileReference; lastKnownFileType = sourcecode.swift; path = Pixel.swift; sourceTree = "<group>"; };
		09033B1228847EB600DBAAE1 /* Helicopter.swift */ = {isa = PBXFileReference; lastKnownFileType = sourcecode.swift; path = Helicopter.swift; sourceTree = "<group>"; };
		09033B1428847EC400DBAAE1 /* Obstacle.swift */ = {isa = PBXFileReference; lastKnownFileType = sourcecode.swift; path = Obstacle.swift; sourceTree = "<group>"; };
		09033B1628847F3F00DBAAE1 /* Home.swift */ = {isa = PBXFileReference; lastKnownFileType = sourcecode.swift; path = Home.swift; sourceTree = "<group>"; };
		095C1E692885B637008ABD5E /* Crash.swift */ = {isa = PBXFileReference; lastKnownFileType = sourcecode.swift; path = Crash.swift; sourceTree = "<group>"; };
		096CE521289A98E800C4B240 /* BoundingBox.swift */ = {isa = PBXFileReference; lastKnownFileType = sourcecode.swift; path = BoundingBox.swift; sourceTree = "<group>"; };
/* End PBXFileReference section */

/* Begin PBXFrameworksBuildPhase section */
		09033AFB28847E7000DBAAE1 /* Frameworks */ = {
			isa = PBXFrameworksBuildPhase;
			buildActionMask = 2147483647;
			files = (
			);
			runOnlyForDeploymentPostprocessing = 0;
		};
/* End PBXFrameworksBuildPhase section */

/* Begin PBXGroup section */
		09033AF528847E7000DBAAE1 = {
			isa = PBXGroup;
			children = (
				09033B0028847E7000DBAAE1 /* HelicopterGame */,
				09033AFF28847E7000DBAAE1 /* Products */,
			);
			sourceTree = "<group>";
		};
		09033AFF28847E7000DBAAE1 /* Products */ = {
			isa = PBXGroup;
			children = (
				09033AFE28847E7000DBAAE1 /* HelicopterGame.app */,
			);
			name = Products;
			sourceTree = "<group>";
		};
		09033B0028847E7000DBAAE1 /* HelicopterGame */ = {
			isa = PBXGroup;
			children = (
				09033B0128847E7000DBAAE1 /* HelicopterGameApp.swift */,
				09D050972887147F00E51CA5 /* Views */,
				09033B0F28847E9A00DBAAE1 /* Components */,
				09033B0528847E7100DBAAE1 /* Assets.xcassets */,
				09033B0728847E7100DBAAE1 /* Preview Content */,
			);
			path = HelicopterGame;
			sourceTree = "<group>";
		};
		09033B0728847E7100DBAAE1 /* Preview Content */ = {
			isa = PBXGroup;
			children = (
				09033B0828847E7100DBAAE1 /* Preview Assets.xcassets */,
			);
			path = "Preview Content";
			sourceTree = "<group>";
		};
		09033B0F28847E9A00DBAAE1 /* Components */ = {
			isa = PBXGroup;
			children = (
				095C1E692885B637008ABD5E /* Crash.swift */,
				09033B1028847EAB00DBAAE1 /* Pixel.swift */,
				09033B1228847EB600DBAAE1 /* Helicopter.swift */,
				09033B1428847EC400DBAAE1 /* Obstacle.swift */,
				096CE521289A98E800C4B240 /* BoundingBox.swift */,
			);
			path = Components;
			sourceTree = "<group>";
		};
		09D050972887147F00E51CA5 /* Views */ = {
			isa = PBXGroup;
			children = (
				09033B0328847E7000DBAAE1 /* ContentView.swift */,
				09033B1628847F3F00DBAAE1 /* Home.swift */,
			);
			path = Views;
			sourceTree = "<group>";
		};
/* End PBXGroup section */

/* Begin PBXNativeTarget section */
		09033AFD28847E7000DBAAE1 /* HelicopterGame */ = {
			isa = PBXNativeTarget;
			buildConfigurationList = 09033B0C28847E7100DBAAE1 /* Build configuration list for PBXNativeTarget "HelicopterGame" */;
			buildPhases = (
				09033AFA28847E7000DBAAE1 /* Sources */,
				09033AFB28847E7000DBAAE1 /* Frameworks */,
				09033AFC28847E7000DBAAE1 /* Resources */,
			);
			buildRules = (
			);
			dependencies = (
			);
			name = HelicopterGame;
			productName = HelicopterGame;
			productReference = 09033AFE28847E7000DBAAE1 /* HelicopterGame.app */;
			productType = "com.apple.product-type.application";
		};
/* End PBXNativeTarget section */

/* Begin PBXProject section */
		09033AF628847E7000DBAAE1 /* Project object */ = {
			isa = PBXProject;
			attributes = {
				BuildIndependentTargetsInParallel = 1;
				LastSwiftUpdateCheck = 1330;
				LastUpgradeCheck = 1530;
				TargetAttributes = {
					09033AFD28847E7000DBAAE1 = {
						CreatedOnToolsVersion = 13.3.1;
					};
				};
			};
			buildConfigurationList = 09033AF928847E7000DBAAE1 /* Build configuration list for PBXProject "HelicopterGame" */;
			compatibilityVersion = "Xcode 13.0";
			developmentRegion = en;
			hasScannedForEncodings = 0;
			knownRegions = (
				en,
				Base,
			);
			mainGroup = 09033AF528847E7000DBAAE1;
			productRefGroup = 09033AFF28847E7000DBAAE1 /* Products */;
			projectDirPath = "";
			projectRoot = "";
			targets = (
				09033AFD28847E7000DBAAE1 /* HelicopterGame */,
			);
		};
/* End PBXProject section */

/* Begin PBXResourcesBuildPhase section */
		09033AFC28847E7000DBAAE1 /* Resources */ = {
			isa = PBXResourcesBuildPhase;
			buildActionMask = 2147483647;
			files = (
				09033B0928847E7100DBAAE1 /* Preview Assets.xcassets in Resources */,
				09033B0628847E7100DBAAE1 /* Assets.xcassets in Resources */,
			);
			runOnlyForDeploymentPostprocessing = 0;
		};
/* End PBXResourcesBuildPhase section */

/* Begin PBXSourcesBuildPhase section */
		09033AFA28847E7000DBAAE1 /* Sources */ = {
			isa = PBXSourcesBuildPhase;
			buildActionMask = 2147483647;
			files = (
				09033B0428847E7000DBAAE1 /* ContentView.swift in Sources */,
				09033B1128847EAB00DBAAE1 /* Pixel.swift in Sources */,
				09033B1528847EC400DBAAE1 /* Obstacle.swift in Sources */,
				096CE522289A98E800C4B240 /* BoundingBox.swift in Sources */,
				09033B1328847EB600DBAAE1 /* Helicopter.swift in Sources */,
				09033B1728847F3F00DBAAE1 /* Home.swift in Sources */,
				09033B0228847E7000DBAAE1 /* HelicopterGameApp.swift in Sources */,
				095C1E6A2885B637008ABD5E /* Crash.swift in Sources */,
			);
			runOnlyForDeploymentPostprocessing = 0;
		};
/* End PBXSourcesBuildPhase section */

/* Begin XCBuildConfiguration section */
		09033B0A28847E7100DBAAE1 /* Debug */ = {
			isa = XCBuildConfiguration;
			buildSettings = {
				ALWAYS_SEARCH_USER_PATHS = NO;
				CLANG_ANALYZER_NONNULL = YES;
				CLANG_ANALYZER_NUMBER_OBJECT_CONVERSION = YES_AGGRESSIVE;
				CLANG_CXX_LANGUAGE_STANDARD = "gnu++17";
				CLANG_ENABLE_MODULES = YES;
				CLANG_ENABLE_OBJC_ARC = YES;
				CLANG_ENABLE_OBJC_WEAK = YES;
				CLANG_WARN_BLOCK_CAPTURE_AUTORELEASING = YES;
				CLANG_WARN_BOOL_CONVERSION = YES;
				CLANG_WARN_COMMA = YES;
				CLANG_WARN_CONSTANT_CONVERSION = YES;
				CLANG_WARN_DEPRECATED_OBJC_IMPLEMENTATIONS = YES;
				CLANG_WARN_DIRECT_OBJC_ISA_USAGE = YES_ERROR;
				CLANG_WARN_DOCUMENTATION_COMMENTS = YES;
				CLANG_WARN_EMPTY_BODY = YES;
				CLANG_WARN_ENUM_CONVERSION = YES;
				CLANG_WARN_INFINITE_RECURSION = YES;
				CLANG_WARN_INT_CONVERSION = YES;
				CLANG_WARN_NON_LITERAL_NULL_CONVERSION = YES;
				CLANG_WARN_OBJC_IMPLICIT_RETAIN_SELF = YES;
				CLANG_WARN_OBJC_LITERAL_CONVERSION = YES;
				CLANG_WARN_OBJC_ROOT_CLASS = YES_ERROR;
				CLANG_WARN_QUOTED_INCLUDE_IN_FRAMEWORK_HEADER = YES;
				CLANG_WARN_RANGE_LOOP_ANALYSIS = YES;
				CLANG_WARN_STRICT_PROTOTYPES = YES;
				CLANG_WARN_SUSPICIOUS_MOVE = YES;
				CLANG_WARN_UNGUARDED_AVAILABILITY = YES_AGGRESSIVE;
				CLANG_WARN_UNREACHABLE_CODE = YES;
				CLANG_WARN__DUPLICATE_METHOD_MATCH = YES;
				COPY_PHASE_STRIP = NO;
				DEBUG_INFORMATION_FORMAT = dwarf;
				ENABLE_STRICT_OBJC_MSGSEND = YES;
				ENABLE_TESTABILITY = YES;
				ENABLE_USER_SCRIPT_SANDBOXING = YES;
				GCC_C_LANGUAGE_STANDARD = gnu11;
				GCC_DYNAMIC_NO_PIC = NO;
				GCC_NO_COMMON_BLOCKS = YES;
				GCC_OPTIMIZATION_LEVEL = 0;
				GCC_PREPROCESSOR_DEFINITIONS = (
					"DEBUG=1",
					"$(inherited)",
				);
				GCC_WARN_64_TO_32_BIT_CONVERSION = YES;
				GCC_WARN_ABOUT_RETURN_TYPE = YES_ERROR;
				GCC_WARN_UNDECLARED_SELECTOR = YES;
				GCC_WARN_UNINITIALIZED_AUTOS = YES_AGGRESSIVE;
				GCC_WARN_UNUSED_FUNCTION = YES;
				GCC_WARN_UNUSED_VARIABLE = YES;
				IPHONEOS_DEPLOYMENT_TARGET = 15.4;
				MTL_ENABLE_DEBUG_INFO = INCLUDE_SOURCE;
				MTL_FAST_MATH = YES;
				ONLY_ACTIVE_ARCH = YES;
				SDKROOT = iphoneos;
				SWIFT_ACTIVE_COMPILATION_CONDITIONS = DEBUG;
				SWIFT_OPTIMIZATION_LEVEL = "-Onone";
			};
			name = Debug;
		};
		09033B0B28847E7100DBAAE1 /* Release */ = {
			isa = XCBuildConfiguration;
			buildSettings = {
				ALWAYS_SEARCH_USER_PATHS = NO;
				CLANG_ANALYZER_NONNULL = YES;
				CLANG_ANALYZER_NUMBER_OBJECT_CONVERSION = YES_AGGRESSIVE;
				CLANG_CXX_LANGUAGE_STANDARD = "gnu++17";
				CLANG_ENABLE_MODULES = YES;
				CLANG_ENABLE_OBJC_ARC = YES;
				CLANG_ENABLE_OBJC_WEAK = YES;
				CLANG_WARN_BLOCK_CAPTURE_AUTORELEASING = YES;
				CLANG_WARN_BOOL_CONVERSION = YES;
				CLANG_WARN_COMMA = YES;
				CLANG_WARN_CONSTANT_CONVERSION = YES;
				CLANG_WARN_DEPRECATED_OBJC_IMPLEMENTATIONS = YES;
				CLANG_WARN_DIRECT_OBJC_ISA_USAGE = YES_ERROR;
				CLANG_WARN_DOCUMENTATION_COMMENTS = YES;
				CLANG_WARN_EMPTY_BODY = YES;
				CLANG_WARN_ENUM_CONVERSION = YES;
				CLANG_WARN_INFINITE_RECURSION = YES;
				CLANG_WARN_INT_CONVERSION = YES;
				CLANG_WARN_NON_LITERAL_NULL_CONVERSION = YES;
				CLANG_WARN_OBJC_IMPLICIT_RETAIN_SELF = YES;
				CLANG_WARN_OBJC_LITERAL_CONVERSION = YES;
				CLANG_WARN_OBJC_ROOT_CLASS = YES_ERROR;
				CLANG_WARN_QUOTED_INCLUDE_IN_FRAMEWORK_HEADER = YES;
				CLANG_WARN_RANGE_LOOP_ANALYSIS = YES;
				CLANG_WARN_STRICT_PROTOTYPES = YES;
				CLANG_WARN_SUSPICIOUS_MOVE = YES;
				CLANG_WARN_UNGUARDED_AVAILABILITY = YES_AGGRESSIVE;
				CLANG_WARN_UNREACHABLE_CODE = YES;
				CLANG_WARN__DUPLICATE_METHOD_MATCH = YES;
				COPY_PHASE_STRIP = NO;
				DEBUG_INFORMATION_FORMAT = "dwarf-with-dsym";
				ENABLE_NS_ASSERTIONS = NO;
				ENABLE_STRICT_OBJC_MSGSEND = YES;
				ENABLE_USER_SCRIPT_SANDBOXING = YES;
				GCC_C_LANGUAGE_STANDARD = gnu11;
				GCC_NO_COMMON_BLOCKS = YES;
				GCC_WARN_64_TO_32_BIT_CONVERSION = YES;
				GCC_WARN_ABOUT_RETURN_TYPE = YES_ERROR;
				GCC_WARN_UNDECLARED_SELECTOR = YES;
				GCC_WARN_UNINITIALIZED_AUTOS = YES_AGGRESSIVE;
				GCC_WARN_UNUSED_FUNCTION = YES;
				GCC_WARN_UNUSED_VARIABLE = YES;
				IPHONEOS_DEPLOYMENT_TARGET = 15.4;
				MTL_ENABLE_DEBUG_INFO = NO;
				MTL_FAST_MATH = YES;
				SDKROOT = iphoneos;
				SWIFT_COMPILATION_MODE = wholemodule;
				SWIFT_OPTIMIZATION_LEVEL = "-O";
				VALIDATE_PRODUCT = YES;
			};
			name = Release;
		};
		09033B0D28847E7100DBAAE1 /* Debug */ = {
			isa = XCBuildConfiguration;
			buildSettings = {
				ASSETCATALOG_COMPILER_APPICON_NAME = AppIcon;
				ASSETCATALOG_COMPILER_GLOBAL_ACCENT_COLOR_NAME = AccentColor;
				CODE_SIGN_STYLE = Automatic;
				CURRENT_PROJECT_VERSION = 1;
				DEVELOPMENT_ASSET_PATHS = "\"HelicopterGame/Preview Content\"";
				DEVELOPMENT_TEAM = 352THSRTQL;
				ENABLE_PREVIEWS = YES;
				GENERATE_INFOPLIST_FILE = YES;
				INFOPLIST_KEY_UIApplicationSceneManifest_Generation = YES;
				INFOPLIST_KEY_UIApplicationSupportsIndirectInputEvents = YES;
				INFOPLIST_KEY_UILaunchScreen_Generation = YES;
				INFOPLIST_KEY_UISupportedInterfaceOrientations = "UIInterfaceOrientationLandscapeLeft UIInterfaceOrientationLandscapeRight";
				LD_RUNPATH_SEARCH_PATHS = (
					"$(inherited)",
					"@executable_path/Frameworks",
				);
				MARKETING_VERSION = 1.0;
				PRODUCT_BUNDLE_IDENTIFIER = com.RyanTSmith.HelicopterGame;
				PRODUCT_NAME = HelicopterGame;
				SWIFT_EMIT_LOC_STRINGS = YES;
				SWIFT_VERSION = 5.0;
				TARGETED_DEVICE_FAMILY = "1,2";
			};
			name = Debug;
		};
		09033B0E28847E7100DBAAE1 /* Release */ = {
			isa = XCBuildConfiguration;
			buildSettings = {
				ASSETCATALOG_COMPILER_APPICON_NAME = AppIcon;
				ASSETCATALOG_COMPILER_GLOBAL_ACCENT_COLOR_NAME = AccentColor;
				CODE_SIGN_STYLE = Automatic;
				CURRENT_PROJECT_VERSION = 1;
				DEVELOPMENT_ASSET_PATHS = "\"HelicopterGame/Preview Content\"";
				DEVELOPMENT_TEAM = 352THSRTQL;
				ENABLE_PREVIEWS = YES;
				GENERATE_INFOPLIST_FILE = YES;
				INFOPLIST_KEY_UIApplicationSceneManifest_Generation = YES;
				INFOPLIST_KEY_UIApplicationSupportsIndirectInputEvents = YES;
				INFOPLIST_KEY_UILaunchScreen_Generation = YES;
				INFOPLIST_KEY_UISupportedInterfaceOrientations = "UIInterfaceOrientationLandscapeLeft UIInterfaceOrientationLandscapeRight";
				LD_RUNPATH_SEARCH_PATHS = (
					"$(inherited)",
					"@executable_path/Frameworks",
				);
				MARKETING_VERSION = 1.0;
				PRODUCT_BUNDLE_IDENTIFIER = com.RyanTSmith.HelicopterGame;
				PRODUCT_NAME = HelicopterGame;
				SWIFT_EMIT_LOC_STRINGS = YES;
				SWIFT_VERSION = 5.0;
				TARGETED_DEVICE_FAMILY = "1,2";
			};
			name = Release;
		};
/* End XCBuildConfiguration section */

/* Begin XCConfigurationList section */
		09033AF928847E7000DBAAE1 /* Build configuration list for PBXProject "HelicopterGame" */ = {
			isa = XCConfigurationList;
			buildConfigurations = (
				09033B0A28847E7100DBAAE1 /* Debug */,
				09033B0B28847E7100DBAAE1 /* Release */,
			);
			defaultConfigurationIsVisible = 0;
			defaultConfigurationName = Release;
		};
		09033B0C28847E7100DBAAE1 /* Build configuration list for PBXNativeTarget "HelicopterGame" */ = {
			isa = XCConfigurationList;
			buildConfigurations = (
				09033B0D28847E7100DBAAE1 /* Debug */,
				09033B0E28847E7100DBAAE1 /* Release */,
			);
			defaultConfigurationIsVisible = 0;
			defaultConfigurationName = Release;
		};
/* End XCConfigurationList section */
	};
	rootObject = 09033AF628847E7000DBAAE1 /* Project object */;
}
